# THIS IS AN AUTOGENERATED FILE. DO NOT EDIT THIS FILE DIRECTLY.
# yarn lockfile v1


lunar-javascript@^1.2.32:
  version "1.2.32"
  resolved "https://registry.npmmirror.com/lunar-javascript/-/lunar-javascript-1.2.32.tgz#36e555adda0c3eb3c93f173f6fa7680b5995ab61"
  integrity sha512-atTwjHHE2jKm/LMAjH5J81seV5IXFVxkqV8D+9tLAkEgNsvN3QGHyrtNt7kxjbwK7FmBWM+FvNjEZFzbwXZa9g==
